Microsoft Visual Studio Solution File, Format Version 12.00
# Visual Studio Version 17
VisualStudioVersion = 17.5.2.0
MinimumVisualStudioVersion = 10.0.40219.1
Project("{FAE04EC0-301F-11D3-BF4B-00C04F79EFBC}") = "APIClienteVesp", "APIClienteVesp.csproj", "{FDFAFAC6-540F-F7B8-3FEB-BE6336B47C3D}"
EndProject
Global
	GlobalSection(SolutionConfigurationPlatforms) = preSolution
		Debug|Any CPU = Debug|Any CPU
		Release|Any CPU = Release|Any CPU
	EndGlobalSection
	GlobalSection(ProjectConfigurationPlatforms) = postSolution
		{FDFAFAC6-540F-F7B8-3FEB-BE6336B47C3D}.Debug|Any CPU.ActiveCfg = Debug|Any CPU
		{FDFAFAC6-540F-F7B8-3FEB-BE6336B47C3D}.Debug|Any CPU.Build.0 = Debug|Any CPU
		{FDFAFAC6-540F-F7B8-3FEB-BE6336B47C3D}.Release|Any CPU.ActiveCfg = Release|Any CPU
		{FDFAFAC6-540F-F7B8-3FEB-BE6336B47C3D}.Release|Any CPU.Build.0 = Release|Any CPU
	EndGlobalSection
	GlobalSection(SolutionProperties) = preSolution
		HideSolutionNode = FALSE
	EndGlobalSection
	GlobalSection(ExtensibilityGlobals) = postSolution
		SolutionGuid = {FE25D443-1222-47CB-B4C7-8FF72BF5A04B}
	EndGlobalSection
EndGlobal
